# This file is automatically @generated by Cargo.
# It is not intended for manual editing.
version = 4

[[package]]
name = "cantelope"
version = "0.1.0"
dependencies = [
 "dbc-rs",
]

[[package]]
name = "dbc-rs"
version = "0.4.1"
source = "registry+https://github.com/rust-lang/crates.io-index"
checksum = "5de5ce2d801006ce70c083934d43951f93bbabd1a946bc779ac12de9d8a8654f"
